
Microsoft Visual Studio Solution File, Format Version 12.00
# Visual Studio 2012
Project("{FAE04EC0-301F-11D3-BF4B-00C04F79EFBC}") = "001-HelloWorld", "001-HelloWorld\001-HelloWorld.csproj", "{578C2D9F-8ECA-4BBE-BCEA-0BC1E8BFE192}"
EndProject
Project("{FAE04EC0-301F-11D3-BF4B-00C04F79EFBC}") = "002-HelloWorldMVC", "002-HelloWorldMVC\002-HelloWorldMVC.csproj", "{439889D6-256B-4315-B54D-D42BCC2E612B}"
EndProject
Global
	GlobalSection(SolutionConfigurationPlatforms) = preSolution
		Debug|Any CPU = Debug|Any CPU
		Release|Any CPU = Release|Any CPU
	EndGlobalSection
	GlobalSection(ProjectConfigurationPlatforms) = postSolution
		{578C2D9F-8ECA-4BBE-BCEA-0BC1E8BFE192}.Debug|Any CPU.ActiveCfg = Debug|Any CPU
		{578C2D9F-8ECA-4BBE-BCEA-0BC1E8BFE192}.Debug|Any CPU.Build.0 = Debug|Any CPU
		{578C2D9F-8ECA-4BBE-BCEA-0BC1E8BFE192}.Release|Any CPU.ActiveCfg = Release|Any CPU
		{578C2D9F-8ECA-4BBE-BCEA-0BC1E8BFE192}.Release|Any CPU.Build.0 = Release|Any CPU
		{439889D6-256B-4315-B54D-D42BCC2E612B}.Debug|Any CPU.ActiveCfg = Debug|Any CPU
		{439889D6-256B-4315-B54D-D42BCC2E612B}.Debug|Any CPU.Build.0 = Debug|Any CPU
		{439889D6-256B-4315-B54D-D42BCC2E612B}.Release|Any CPU.ActiveCfg = Release|Any CPU
		{439889D6-256B-4315-B54D-D42BCC2E612B}.Release|Any CPU.Build.0 = Release|Any CPU
	EndGlobalSection
	GlobalSection(SolutionProperties) = preSolution
		HideSolutionNode = FALSE
	EndGlobalSection
EndGlobal
