
Microsoft Visual Studio Solution File, Format Version 12.00
# Visual Studio 2012
Project("{FAE04EC0-301F-11D3-BF4B-00C04F79EFBC}") = "001-TryCatch", "001-TryCatch\001-TryCatch.csproj", "{3DC16D43-D133-4554-9108-7FAC91006D20}"
EndProject
Project("{FAE04EC0-301F-11D3-BF4B-00C04F79EFBC}") = "DBModel", "DBModel\DBModel.csproj", "{069F1152-2203-44A9-8229-56764F88DABD}"
EndProject
Project("{FAE04EC0-301F-11D3-BF4B-00C04F79EFBC}") = "002-UT", "UT\002-UT.csproj", "{932AE327-E404-4927-89C8-9777CFF86DF2}"
EndProject
Project("{FAE04EC0-301F-11D3-BF4B-00C04F79EFBC}") = "003-Calculadora", "Calculadora\003-Calculadora.csproj", "{D57B858A-2668-4724-AC82-6424EE2B7AE7}"
EndProject
Project("{FAE04EC0-301F-11D3-BF4B-00C04F79EFBC}") = "004-CalculadoraTests", "CalculadoraTests\004-CalculadoraTests.csproj", "{6D999BD1-0550-40F3-A005-FD7924981BD0}"
EndProject
Project("{FAE04EC0-301F-11D3-BF4B-00C04F79EFBC}") = "005-UTTests", "UTTests\005-UTTests.csproj", "{76D06E3E-D804-4BAA-B35F-6F8834078A92}"
EndProject
Project("{FAE04EC0-301F-11D3-BF4B-00C04F79EFBC}") = "UTRepository", "UTRepository\UTRepository.csproj", "{8446F165-016E-41A2-8083-E42FA631A35F}"
EndProject
Project("{FAE04EC0-301F-11D3-BF4B-00C04F79EFBC}") = "UTRepositoryTests", "UTRepositoryTests\UTRepositoryTests.csproj", "{CBB7A9BB-041E-43A0-B5F3-0C4319D28EFE}"
EndProject
Global
	GlobalSection(SolutionConfigurationPlatforms) = preSolution
		Debug|Any CPU = Debug|Any CPU
		Release|Any CPU = Release|Any CPU
	EndGlobalSection
	GlobalSection(ProjectConfigurationPlatforms) = postSolution
		{3DC16D43-D133-4554-9108-7FAC91006D20}.Debug|Any CPU.ActiveCfg = Debug|Any CPU
		{3DC16D43-D133-4554-9108-7FAC91006D20}.Debug|Any CPU.Build.0 = Debug|Any CPU
		{3DC16D43-D133-4554-9108-7FAC91006D20}.Release|Any CPU.ActiveCfg = Release|Any CPU
		{3DC16D43-D133-4554-9108-7FAC91006D20}.Release|Any CPU.Build.0 = Release|Any CPU
		{069F1152-2203-44A9-8229-56764F88DABD}.Debug|Any CPU.ActiveCfg = Debug|Any CPU
		{069F1152-2203-44A9-8229-56764F88DABD}.Debug|Any CPU.Build.0 = Debug|Any CPU
		{069F1152-2203-44A9-8229-56764F88DABD}.Release|Any CPU.ActiveCfg = Release|Any CPU
		{069F1152-2203-44A9-8229-56764F88DABD}.Release|Any CPU.Build.0 = Release|Any CPU
		{932AE327-E404-4927-89C8-9777CFF86DF2}.Debug|Any CPU.ActiveCfg = Debug|Any CPU
		{932AE327-E404-4927-89C8-9777CFF86DF2}.Debug|Any CPU.Build.0 = Debug|Any CPU
		{932AE327-E404-4927-89C8-9777CFF86DF2}.Release|Any CPU.ActiveCfg = Release|Any CPU
		{932AE327-E404-4927-89C8-9777CFF86DF2}.Release|Any CPU.Build.0 = Release|Any CPU
		{D57B858A-2668-4724-AC82-6424EE2B7AE7}.Debug|Any CPU.ActiveCfg = Debug|Any CPU
		{D57B858A-2668-4724-AC82-6424EE2B7AE7}.Debug|Any CPU.Build.0 = Debug|Any CPU
		{D57B858A-2668-4724-AC82-6424EE2B7AE7}.Release|Any CPU.ActiveCfg = Release|Any CPU
		{D57B858A-2668-4724-AC82-6424EE2B7AE7}.Release|Any CPU.Build.0 = Release|Any CPU
		{6D999BD1-0550-40F3-A005-FD7924981BD0}.Debug|Any CPU.ActiveCfg = Debug|Any CPU
		{6D999BD1-0550-40F3-A005-FD7924981BD0}.Debug|Any CPU.Build.0 = Debug|Any CPU
		{6D999BD1-0550-40F3-A005-FD7924981BD0}.Release|Any CPU.ActiveCfg = Release|Any CPU
		{6D999BD1-0550-40F3-A005-FD7924981BD0}.Release|Any CPU.Build.0 = Release|Any CPU
		{76D06E3E-D804-4BAA-B35F-6F8834078A92}.Debug|Any CPU.ActiveCfg = Debug|Any CPU
		{76D06E3E-D804-4BAA-B35F-6F8834078A92}.Debug|Any CPU.Build.0 = Debug|Any CPU
		{76D06E3E-D804-4BAA-B35F-6F8834078A92}.Release|Any CPU.ActiveCfg = Release|Any CPU
		{76D06E3E-D804-4BAA-B35F-6F8834078A92}.Release|Any CPU.Build.0 = Release|Any CPU
		{8446F165-016E-41A2-8083-E42FA631A35F}.Debug|Any CPU.ActiveCfg = Debug|Any CPU
		{8446F165-016E-41A2-8083-E42FA631A35F}.Debug|Any CPU.Build.0 = Debug|Any CPU
		{8446F165-016E-41A2-8083-E42FA631A35F}.Release|Any CPU.ActiveCfg = Release|Any CPU
		{8446F165-016E-41A2-8083-E42FA631A35F}.Release|Any CPU.Build.0 = Release|Any CPU
		{CBB7A9BB-041E-43A0-B5F3-0C4319D28EFE}.Debug|Any CPU.ActiveCfg = Debug|Any CPU
		{CBB7A9BB-041E-43A0-B5F3-0C4319D28EFE}.Debug|Any CPU.Build.0 = Debug|Any CPU
		{CBB7A9BB-041E-43A0-B5F3-0C4319D28EFE}.Release|Any CPU.ActiveCfg = Release|Any CPU
		{CBB7A9BB-041E-43A0-B5F3-0C4319D28EFE}.Release|Any CPU.Build.0 = Release|Any CPU
	EndGlobalSection
	GlobalSection(SolutionProperties) = preSolution
		HideSolutionNode = FALSE
	EndGlobalSection
EndGlobal
