
Microsoft Visual Studio Solution File, Format Version 12.00
# Visual Studio 2013
VisualStudioVersion = 12.0.30110.0
MinimumVisualStudioVersion = 10.0.40219.1
Project("{FAE04EC0-301F-11D3-BF4B-00C04F79EFBC}") = "001-View", "001-View\001-View.csproj", "{14616E6F-8DDC-414E-90E5-F7EBB0BB80B9}"
EndProject
Project("{FAE04EC0-301F-11D3-BF4B-00C04F79EFBC}") = "002-UfCidade", "002-UfCidade\002-UfCidade.csproj", "{4C4A943C-04B7-43BF-A389-B98D05A02FAC}"
EndProject
Global
	GlobalSection(SolutionConfigurationPlatforms) = preSolution
		Debug|Any CPU = Debug|Any CPU
		Release|Any CPU = Release|Any CPU
	EndGlobalSection
	GlobalSection(ProjectConfigurationPlatforms) = postSolution
		{14616E6F-8DDC-414E-90E5-F7EBB0BB80B9}.Debug|Any CPU.ActiveCfg = Debug|Any CPU
		{14616E6F-8DDC-414E-90E5-F7EBB0BB80B9}.Debug|Any CPU.Build.0 = Debug|Any CPU
		{14616E6F-8DDC-414E-90E5-F7EBB0BB80B9}.Release|Any CPU.ActiveCfg = Release|Any CPU
		{14616E6F-8DDC-414E-90E5-F7EBB0BB80B9}.Release|Any CPU.Build.0 = Release|Any CPU
		{4C4A943C-04B7-43BF-A389-B98D05A02FAC}.Debug|Any CPU.ActiveCfg = Debug|Any CPU
		{4C4A943C-04B7-43BF-A389-B98D05A02FAC}.Debug|Any CPU.Build.0 = Debug|Any CPU
		{4C4A943C-04B7-43BF-A389-B98D05A02FAC}.Release|Any CPU.ActiveCfg = Release|Any CPU
		{4C4A943C-04B7-43BF-A389-B98D05A02FAC}.Release|Any CPU.Build.0 = Release|Any CPU
	EndGlobalSection
	GlobalSection(SolutionProperties) = preSolution
		HideSolutionNode = FALSE
	EndGlobalSection
EndGlobal
